
Microsoft Visual Studio Solution File, Format Version 12.00
# Visual Studio Version 17
VisualStudioVersion = 17.4.33403.182
MinimumVisualStudioVersion = 10.0.40219.1
Project("{FAE04EC0-301F-11D3-BF4B-00C04F79EFBC}") = "BusReservationSystem", "BusReservationSystem\BusReservationSystem.csproj", "{966B3F4E-B2B1-48D3-B76C-BDD9C8983FEE}"
EndProject
Project("{FAE04EC0-301F-11D3-BF4B-00C04F79EFBC}") = "SharedBankAccount", "SharedBankAccount\SharedBankAccount.csproj", "{73B8AAEC-F7CF-4CAD-BF88-20EA89303B06}"
EndProject
Project("{FAE04EC0-301F-11D3-BF4B-00C04F79EFBC}") = "AtmAccess", "AtmAccess\AtmAccess.csproj", "{CABCEB33-ABD5-4318-BD9E-95F54022C60E}"
EndProject
Project("{FAE04EC0-301F-11D3-BF4B-00C04F79EFBC}") = "LimitingCreditCard", "LimitingCreditCard\LimitingCreditCard.csproj", "{39CD6862-2FD5-495D-AE33-FD9221B8B18D}"
EndProject
Project("{FAE04EC0-301F-11D3-BF4B-00C04F79EFBC}") = "LimitingServices", "LimitingServices\LimitingServices.csproj", "{E011A661-098E-43F0-AF7E-0086BC89C1A2}"
EndProject
Global
	GlobalSection(SolutionConfigurationPlatforms) = preSolution
		Debug|Any CPU = Debug|Any CPU
		Release|Any CPU = Release|Any CPU
	EndGlobalSection
	GlobalSection(ProjectConfigurationPlatforms) = postSolution
		{966B3F4E-B2B1-48D3-B76C-BDD9C8983FEE}.Debug|Any CPU.ActiveCfg = Debug|Any CPU
		{966B3F4E-B2B1-48D3-B76C-BDD9C8983FEE}.Debug|Any CPU.Build.0 = Debug|Any CPU
		{966B3F4E-B2B1-48D3-B76C-BDD9C8983FEE}.Release|Any CPU.ActiveCfg = Release|Any CPU
		{966B3F4E-B2B1-48D3-B76C-BDD9C8983FEE}.Release|Any CPU.Build.0 = Release|Any CPU
		{73B8AAEC-F7CF-4CAD-BF88-20EA89303B06}.Debug|Any CPU.ActiveCfg = Debug|Any CPU
		{73B8AAEC-F7CF-4CAD-BF88-20EA89303B06}.Debug|Any CPU.Build.0 = Debug|Any CPU
		{73B8AAEC-F7CF-4CAD-BF88-20EA89303B06}.Release|Any CPU.ActiveCfg = Release|Any CPU
		{73B8AAEC-F7CF-4CAD-BF88-20EA89303B06}.Release|Any CPU.Build.0 = Release|Any CPU
		{CABCEB33-ABD5-4318-BD9E-95F54022C60E}.Debug|Any CPU.ActiveCfg = Debug|Any CPU
		{CABCEB33-ABD5-4318-BD9E-95F54022C60E}.Debug|Any CPU.Build.0 = Debug|Any CPU
		{CABCEB33-ABD5-4318-BD9E-95F54022C60E}.Release|Any CPU.ActiveCfg = Release|Any CPU
		{CABCEB33-ABD5-4318-BD9E-95F54022C60E}.Release|Any CPU.Build.0 = Release|Any CPU
		{39CD6862-2FD5-495D-AE33-FD9221B8B18D}.Debug|Any CPU.ActiveCfg = Debug|Any CPU
		{39CD6862-2FD5-495D-AE33-FD9221B8B18D}.Debug|Any CPU.Build.0 = Debug|Any CPU
		{39CD6862-2FD5-495D-AE33-FD9221B8B18D}.Release|Any CPU.ActiveCfg = Release|Any CPU
		{39CD6862-2FD5-495D-AE33-FD9221B8B18D}.Release|Any CPU.Build.0 = Release|Any CPU
		{E011A661-098E-43F0-AF7E-0086BC89C1A2}.Debug|Any CPU.ActiveCfg = Debug|Any CPU
		{E011A661-098E-43F0-AF7E-0086BC89C1A2}.Debug|Any CPU.Build.0 = Debug|Any CPU
		{E011A661-098E-43F0-AF7E-0086BC89C1A2}.Release|Any CPU.ActiveCfg = Release|Any CPU
		{E011A661-098E-43F0-AF7E-0086BC89C1A2}.Release|Any CPU.Build.0 = Release|Any CPU
	EndGlobalSection
	GlobalSection(SolutionProperties) = preSolution
		HideSolutionNode = FALSE
	EndGlobalSection
	GlobalSection(ExtensibilityGlobals) = postSolution
		SolutionGuid = {F8BDF2B4-5FAC-452F-9495-A8459AABBA77}
	EndGlobalSection
EndGlobal
